
Microsoft Visual Studio Solution File, Format Version 12.00
# Visual Studio Version 17
VisualStudioVersion = 17.7.33920.267
MinimumVisualStudioVersion = 10.0.40219.1
Project("{FAE04EC0-301F-11D3-BF4B-00C04F79EFBC}") = "WinFormsApp3", "WinFormsApp3\WinFormsApp3.csproj", "{C2D266C4-BFB0-4F78-ADF2-87BD227164A9}"
EndProject
Global
	GlobalSection(SolutionConfigurationPlatforms) = preSolution
		Debug|Any CPU = Debug|Any CPU
		Release|Any CPU = Release|Any CPU
	EndGlobalSection
	GlobalSection(ProjectConfigurationPlatforms) = postSolution
		{C2D266C4-BFB0-4F78-ADF2-87BD227164A9}.Debug|Any CPU.ActiveCfg = Debug|Any CPU
		{C2D266C4-BFB0-4F78-ADF2-87BD227164A9}.Debug|Any CPU.Build.0 = Debug|Any CPU
		{C2D266C4-BFB0-4F78-ADF2-87BD227164A9}.Release|Any CPU.ActiveCfg = Release|Any CPU
		{C2D266C4-BFB0-4F78-ADF2-87BD227164A9}.Release|Any CPU.Build.0 = Release|Any CPU
	EndGlobalSection
	GlobalSection(SolutionProperties) = preSolution
		HideSolutionNode = FALSE
	EndGlobalSection
	GlobalSection(ExtensibilityGlobals) = postSolution
		SolutionGuid = {5A84FBA1-3DE4-4AB3-911C-92FF3D96A6A1}
	EndGlobalSection
EndGlobal
